
Microsoft Visual Studio Solution File, Format Version 12.00
# Visual Studio Version 17
VisualStudioVersion = 17.1.32421.90
MinimumVisualStudioVersion = 10.0.40219.1
Project("{FAE04EC0-301F-11D3-BF4B-00C04F79EFBC}") = "Udemy_CSharp_Odev5", "Udemy_CSharp_Odev5.csproj", "{DA97873D-775E-4F9D-A6BB-14ADAE3CE440}"
EndProject
Global
	GlobalSection(SolutionConfigurationPlatforms) = preSolution
		Debug|Any CPU = Debug|Any CPU
		Release|Any CPU = Release|Any CPU
	EndGlobalSection
	GlobalSection(ProjectConfigurationPlatforms) = postSolution
		{DA97873D-775E-4F9D-A6BB-14ADAE3CE440}.Debug|Any CPU.ActiveCfg = Debug|Any CPU
		{DA97873D-775E-4F9D-A6BB-14ADAE3CE440}.Debug|Any CPU.Build.0 = Debug|Any CPU
		{DA97873D-775E-4F9D-A6BB-14ADAE3CE440}.Release|Any CPU.ActiveCfg = Release|Any CPU
		{DA97873D-775E-4F9D-A6BB-14ADAE3CE440}.Release|Any CPU.Build.0 = Release|Any CPU
	EndGlobalSection
	GlobalSection(SolutionProperties) = preSolution
		HideSolutionNode = FALSE
	EndGlobalSection
	GlobalSection(ExtensibilityGlobals) = postSolution
		SolutionGuid = {DC504540-D086-4C05-9882-AFE14419FF40}
	EndGlobalSection
EndGlobal
