
Microsoft Visual Studio Solution File, Format Version 12.00
# Visual Studio Version 17
VisualStudioVersion = 17.2.32505.173
MinimumVisualStudioVersion = 10.0.40219.1
Project("{FAE04EC0-301F-11D3-BF4B-00C04F79EFBC}") = "udemy_cSharp_1", "udemy_cSharp_1.csproj", "{4F6F9BEE-11D8-47BB-B04C-842B1A195F05}"
EndProject
Project("{FAE04EC0-301F-11D3-BF4B-00C04F79EFBC}") = "Classes", "..\Classes\Classes.csproj", "{1641FD8A-F47A-4F2B-9C01-881B998F652A}"
EndProject
Global
	GlobalSection(SolutionConfigurationPlatforms) = preSolution
		Debug|Any CPU = Debug|Any CPU
		Release|Any CPU = Release|Any CPU
	EndGlobalSection
	GlobalSection(ProjectConfigurationPlatforms) = postSolution
		{4F6F9BEE-11D8-47BB-B04C-842B1A195F05}.Debug|Any CPU.ActiveCfg = Debug|Any CPU
		{4F6F9BEE-11D8-47BB-B04C-842B1A195F05}.Debug|Any CPU.Build.0 = Debug|Any CPU
		{4F6F9BEE-11D8-47BB-B04C-842B1A195F05}.Release|Any CPU.ActiveCfg = Release|Any CPU
		{4F6F9BEE-11D8-47BB-B04C-842B1A195F05}.Release|Any CPU.Build.0 = Release|Any CPU
		{1641FD8A-F47A-4F2B-9C01-881B998F652A}.Debug|Any CPU.ActiveCfg = Debug|Any CPU
		{1641FD8A-F47A-4F2B-9C01-881B998F652A}.Debug|Any CPU.Build.0 = Debug|Any CPU
		{1641FD8A-F47A-4F2B-9C01-881B998F652A}.Release|Any CPU.ActiveCfg = Release|Any CPU
		{1641FD8A-F47A-4F2B-9C01-881B998F652A}.Release|Any CPU.Build.0 = Release|Any CPU
	EndGlobalSection
	GlobalSection(SolutionProperties) = preSolution
		HideSolutionNode = FALSE
	EndGlobalSection
	GlobalSection(ExtensibilityGlobals) = postSolution
		SolutionGuid = {A83A1B79-BB72-45CE-8EB7-996483764A8C}
	EndGlobalSection
EndGlobal
